
Microsoft Visual Studio Solution File, Format Version 12.00
Project("{FAE04EC0-301F-11D3-BF4B-00C04F79EFBC}") = "VictoryProject_college", "VictoryProject_college\VictoryProject_college.csproj", "{9AA70DDD-EF5A-4457-8E86-59DEE161D169}"
EndProject
Global
	GlobalSection(SolutionConfigurationPlatforms) = preSolution
		Debug|Any CPU = Debug|Any CPU
		Release|Any CPU = Release|Any CPU
	EndGlobalSection
	GlobalSection(ProjectConfigurationPlatforms) = postSolution
		{9AA70DDD-EF5A-4457-8E86-59DEE161D169}.Debug|Any CPU.ActiveCfg = Debug|Any CPU
		{9AA70DDD-EF5A-4457-8E86-59DEE161D169}.Debug|Any CPU.Build.0 = Debug|Any CPU
		{9AA70DDD-EF5A-4457-8E86-59DEE161D169}.Release|Any CPU.ActiveCfg = Release|Any CPU
		{9AA70DDD-EF5A-4457-8E86-59DEE161D169}.Release|Any CPU.Build.0 = Release|Any CPU
	EndGlobalSection
EndGlobal
